
Microsoft Visual Studio Solution File, Format Version 12.00
# Visual Studio Version 17
VisualStudioVersion = 17.12.35707.178 d17.12
MinimumVisualStudioVersion = 10.0.40219.1
Project("{FAE04EC0-301F-11D3-BF4B-00C04F79EFBC}") = "Pixel Legacy Installer", "Pixel Legacy Installer\Pixel Legacy Installer.csproj", "{D17E6A81-38D8-47F3-9BB2-780210A2AB9D}"
EndProject
Global
	GlobalSection(SolutionConfigurationPlatforms) = preSolution
		Debug|Any CPU = Debug|Any CPU
		Release|Any CPU = Release|Any CPU
	EndGlobalSection
	GlobalSection(ProjectConfigurationPlatforms) = postSolution
		{D17E6A81-38D8-47F3-9BB2-780210A2AB9D}.Debug|Any CPU.ActiveCfg = Debug|Any CPU
		{D17E6A81-38D8-47F3-9BB2-780210A2AB9D}.Debug|Any CPU.Build.0 = Debug|Any CPU
		{D17E6A81-38D8-47F3-9BB2-780210A2AB9D}.Release|Any CPU.ActiveCfg = Release|Any CPU
		{D17E6A81-38D8-47F3-9BB2-780210A2AB9D}.Release|Any CPU.Build.0 = Release|Any CPU
	EndGlobalSection
	GlobalSection(SolutionProperties) = preSolution
		HideSolutionNode = FALSE
	EndGlobalSection
EndGlobal
